
Microsoft Visual Studio Solution File, Format Version 12.00
# Visual Studio Version 17
VisualStudioVersion = 17.13.35825.156 d17.13
MinimumVisualStudioVersion = 10.0.40219.1
Project("{FAE04EC0-301F-11D3-BF4B-00C04F79EFBC}") = "WebParfum.API", "WebParfum.API.csproj", "{DB419FA0-A780-ACB9-9722-C6793DF7B2A6}"
EndProject
Global
	GlobalSection(SolutionConfigurationPlatforms) = preSolution
		Debug|Any CPU = Debug|Any CPU
		Release|Any CPU = Release|Any CPU
	EndGlobalSection
	GlobalSection(ProjectConfigurationPlatforms) = postSolution
		{DB419FA0-A780-ACB9-9722-C6793DF7B2A6}.Debug|Any CPU.ActiveCfg = Debug|Any CPU
		{DB419FA0-A780-ACB9-9722-C6793DF7B2A6}.Debug|Any CPU.Build.0 = Debug|Any CPU
		{DB419FA0-A780-ACB9-9722-C6793DF7B2A6}.Release|Any CPU.ActiveCfg = Release|Any CPU
		{DB419FA0-A780-ACB9-9722-C6793DF7B2A6}.Release|Any CPU.Build.0 = Release|Any CPU
	EndGlobalSection
	GlobalSection(SolutionProperties) = preSolution
		HideSolutionNode = FALSE
	EndGlobalSection
	GlobalSection(ExtensibilityGlobals) = postSolution
		SolutionGuid = {1538F476-53C9-48AD-9957-E9420F705D3B}
	EndGlobalSection
EndGlobal
